
Microsoft Visual Studio Solution File, Format Version 12.00
# Visual Studio 2015
Project("{FAE04EC0-301F-11D3-BF4B-00C04F79EFBC}") = "loz_remake.CSharp", "loz_remake.CSharp.csproj", "{04CD5F45-2148-77BD-C20B-E6A68563016B}"
EndProject
Project("{FAE04EC0-301F-11D3-BF4B-00C04F79EFBC}") = "loz_remake.CSharp.Editor", "loz_remake.CSharp.Editor.csproj", "{B0B90378-4820-9CF8-AE09-7AC44ACF5688}"
EndProject
Global
	GlobalSection(SolutionConfigurationPlatforms) = preSolution
		Debug|Any CPU = Debug|Any CPU
		Release|Any CPU = Release|Any CPU
	EndGlobalSection
	GlobalSection(ProjectConfigurationPlatforms) = postSolution
		{04CD5F45-2148-77BD-C20B-E6A68563016B}.Debug|Any CPU.ActiveCfg = Debug|Any CPU
		{04CD5F45-2148-77BD-C20B-E6A68563016B}.Debug|Any CPU.Build.0 = Debug|Any CPU
		{04CD5F45-2148-77BD-C20B-E6A68563016B}.Release|Any CPU.ActiveCfg = Release|Any CPU
		{04CD5F45-2148-77BD-C20B-E6A68563016B}.Release|Any CPU.Build.0 = Release|Any CPU
		{B0B90378-4820-9CF8-AE09-7AC44ACF5688}.Debug|Any CPU.ActiveCfg = Debug|Any CPU
		{B0B90378-4820-9CF8-AE09-7AC44ACF5688}.Debug|Any CPU.Build.0 = Debug|Any CPU
		{B0B90378-4820-9CF8-AE09-7AC44ACF5688}.Release|Any CPU.ActiveCfg = Release|Any CPU
		{B0B90378-4820-9CF8-AE09-7AC44ACF5688}.Release|Any CPU.Build.0 = Release|Any CPU
	EndGlobalSection
	GlobalSection(SolutionProperties) = preSolution
		HideSolutionNode = FALSE
	EndGlobalSection
EndGlobal
